// !$*UTF8*$!
{
	archiveVersion = 1;
	classes = {
	};
	objectVersion = 77;
	objects = {

/* Begin PBXBuildFile section */
		725202162CE8C24B0049E82B /* FirebaseAuth in Frameworks */ = {isa = PBXBuildFile; productRef = 725202152CE8C24B0049E82B /* FirebaseAuth */; };
		725202182CE8C24B0049E82B /* FirebaseDatabase in Frameworks */ = {isa = PBXBuildFile; productRef = 725202172CE8C24B0049E82B /* FirebaseDatabase */; };
		7252021A2CE8C24B0049E82B /* FirebaseFirestore in Frameworks */ = {isa = PBXBuildFile; productRef = 725202192CE8C24B0049E82B /* FirebaseFirestore */; };
		7252021C2CE8C24B0049E82B /* FirebaseFirestoreCombine-Community in Frameworks */ = {isa = PBXBuildFile; productRef = 7252021B2CE8C24B0049E82B /* FirebaseFirestoreCombine-Community */; };
/* End PBXBuildFile section */

/* Begin PBXContainerItemProxy section */
		725201F62CE8C1F60049E82B /* PBXContainerItemProxy */ = {
			isa = PBXContainerItemProxy;
			containerPortal = 725201DD2CE8C1F50049E82B /* Project object */;
			proxyType = 1;
			remoteGlobalIDString = 725201E42CE8C1F50049E82B;
			remoteInfo = FocusFlow;
		};
		725202002CE8C1F60049E82B /* PBXContainerItemProxy */ = {
			isa = PBXContainerItemProxy;
			containerPortal = 725201DD2CE8C1F50049E82B /* Project object */;
			proxyType = 1;
			remoteGlobalIDString = 725201E42CE8C1F50049E82B;
			remoteInfo = FocusFlow;
		};
/* End PBXContainerItemProxy section */

/* Begin PBXFileReference section */
		725201E52CE8C1F50049E82B /* FocusFlow.app */ = {isa = PBXFileReference; explicitFileType = wrapper.application; includeInIndex = 0; path = FocusFlow.app; sourceTree = BUILT_PRODUCTS_DIR; };
		725201F52CE8C1F60049E82B /* FocusFlowTests.xctest */ = {isa = PBXFileReference; explicitFileType = wrapper.cfbundle; includeInIndex = 0; path = FocusFlowTests.xctest; sourceTree = BUILT_PRODUCTS_DIR; };
		725201FF2CE8C1F60049E82B /* FocusFlowUITests.xctest */ = {isa = PBXFileReference; explicitFileType = wrapper.cfbundle; includeInIndex = 0; path = FocusFlowUITests.xctest; sourceTree = BUILT_PRODUCTS_DIR; };
/* End PBXFileReference section */

/* Begin PBXFileSystemSynchronizedRootGroup section */
		725201E72CE8C1F50049E82B /* FocusFlow */ = {
			isa = PBXFileSystemSynchronizedRootGroup;
			path = FocusFlow;
			sourceTree = "<group>";
		};
		725201F82CE8C1F60049E82B /* FocusFlowTests */ = {
			isa = PBXFileSystemSynchronizedRootGroup;
			path = FocusFlowTests;
			sourceTree = "<group>";
		};
		725202022CE8C1F60049E82B /* FocusFlowUITests */ = {
			isa = PBXFileSystemSynchronizedRootGroup;
			path = FocusFlowUITests;
			sourceTree = "<group>";
		};
/* End PBXFileSystemSynchronizedRootGroup section */

/* Begin PBXFrameworksBuildPhase section */
		725201E22CE8C1F50049E82B /* Frameworks */ = {
			isa = PBXFrameworksBuildPhase;
			buildActionMask = 2147483647;
			files = (
				725202182CE8C24B0049E82B /* FirebaseDatabase in Frameworks */,
				7252021C2CE8C24B0049E82B /* FirebaseFirestoreCombine-Community in Frameworks */,
				725202162CE8C24B0049E82B /* FirebaseAuth in Frameworks */,
				7252021A2CE8C24B0049E82B /* FirebaseFirestore in Frameworks */,
			);
			runOnlyForDeploymentPostprocessing = 0;
		};
		725201F22CE8C1F60049E82B /* Frameworks */ = {
			isa = PBXFrameworksBuildPhase;
			buildActionMask = 2147483647;
			files = (
			);
			runOnlyForDeploymentPostprocessing = 0;
		};
		725201FC2CE8C1F60049E82B /* Frameworks */ = {
			isa = PBXFrameworksBuildPhase;
			buildActionMask = 2147483647;
			files = (
			);
			runOnlyForDeploymentPostprocessing = 0;
		};
/* End PBXFrameworksBuildPhase section */

/* Begin PBXGroup section */
		725201DC2CE8C1F50049E82B = {
			isa = PBXGroup;
			children = (
				725201E72CE8C1F50049E82B /* FocusFlow */,
				725201F82CE8C1F60049E82B /* FocusFlowTests */,
				725202022CE8C1F60049E82B /* FocusFlowUITests */,
				725201E62CE8C1F50049E82B /* Products */,
			);
			sourceTree = "<group>";
		};
		725201E62CE8C1F50049E82B /* Products */ = {
			isa = PBXGroup;
			children = (
				725201E52CE8C1F50049E82B /* FocusFlow.app */,
				725201F52CE8C1F60049E82B /* FocusFlowTests.xctest */,
				725201FF2CE8C1F60049E82B /* FocusFlowUITests.xctest */,
			);
			name = Products;
			sourceTree = "<group>";
		};
/* End PBXGroup section */

/* Begin PBXNativeTarget section */
		725201E42CE8C1F50049E82B /* FocusFlow */ = {
			isa = PBXNativeTarget;
			buildConfigurationList = 725202092CE8C1F60049E82B /* Build configuration list for PBXNativeTarget "FocusFlow" */;
			buildPhases = (
				725201E12CE8C1F50049E82B /* Sources */,
				725201E22CE8C1F50049E82B /* Frameworks */,
				725201E32CE8C1F50049E82B /* Resources */,
			);
			buildRules = (
			);
			dependencies = (
			);
			fileSystemSynchronizedGroups = (
				725201E72CE8C1F50049E82B /* FocusFlow */,
			);
			name = FocusFlow;
			packageProductDependencies = (
				725202152CE8C24B0049E82B /* FirebaseAuth */,
				725202172CE8C24B0049E82B /* FirebaseDatabase */,
				725202192CE8C24B0049E82B /* FirebaseFirestore */,
				7252021B2CE8C24B0049E82B /* FirebaseFirestoreCombine-Community */,
			);
			productName = FocusFlow;
			productReference = 725201E52CE8C1F50049E82B /* FocusFlow.app */;
			productType = "com.apple.product-type.application";
		};
		725201F42CE8C1F60049E82B /* FocusFlowTests */ = {
			isa = PBXNativeTarget;
			buildConfigurationList = 7252020C2CE8C1F60049E82B /* Build configuration list for PBXNativeTarget "FocusFlowTests" */;
			buildPhases = (
				725201F12CE8C1F60049E82B /* Sources */,
				725201F22CE8C1F60049E82B /* Frameworks */,
				725201F32CE8C1F60049E82B /* Resources */,
			);
			buildRules = (
			);
			dependencies = (
				725201F72CE8C1F60049E82B /* PBXTargetDependency */,
			);
			fileSystemSynchronizedGroups = (
				725201F82CE8C1F60049E82B /* FocusFlowTests */,
			);
			name = FocusFlowTests;
			packageProductDependencies = (
			);
			productName = FocusFlowTests;
			productReference = 725201F52CE8C1F60049E82B /* FocusFlowTests.xctest */;
			productType = "com.apple.product-type.bundle.unit-test";
		};
		725201FE2CE8C1F60049E82B /* FocusFlowUITests */ = {
			isa = PBXNativeTarget;
			buildConfigurationList = 7252020F2CE8C1F60049E82B /* Build configuration list for PBXNativeTarget "FocusFlowUITests" */;
			buildPhases = (
				725201FB2CE8C1F60049E82B /* Sources */,
				725201FC2CE8C1F60049E82B /* Frameworks */,
				725201FD2CE8C1F60049E82B /* Resources */,
			);
			buildRules = (
			);
			dependencies = (
				725202012CE8C1F60049E82B /* PBXTargetDependency */,
			);
			fileSystemSynchronizedGroups = (
				725202022CE8C1F60049E82B /* FocusFlowUITests */,
			);
			name = FocusFlowUITests;
			packageProductDependencies = (
			);
			productName = FocusFlowUITests;
			productReference = 725201FF2CE8C1F60049E82B /* FocusFlowUITests.xctest */;
			productType = "com.apple.product-type.bundle.ui-testing";
		};
/* End PBXNativeTarget section */

/* Begin PBXProject section */
		725201DD2CE8C1F50049E82B /* Project object */ = {
			isa = PBXProject;
			attributes = {
				BuildIndependentTargetsInParallel = 1;
				LastSwiftUpdateCheck = 1600;
				LastUpgradeCheck = 1600;
				TargetAttributes = {
					725201E42CE8C1F50049E82B = {
						CreatedOnToolsVersion = 16.0;
					};
					725201F42CE8C1F60049E82B = {
						CreatedOnToolsVersion = 16.0;
						TestTargetID = 725201E42CE8C1F50049E82B;
					};
					725201FE2CE8C1F60049E82B = {
						CreatedOnToolsVersion = 16.0;
						TestTargetID = 725201E42CE8C1F50049E82B;
					};
				};
			};
			buildConfigurationList = 725201E02CE8C1F50049E82B /* Build configuration list for PBXProject "FocusFlow" */;
			developmentRegion = en;
			hasScannedForEncodings = 0;
			knownRegions = (
				en,
				Base,
			);
			mainGroup = 725201DC2CE8C1F50049E82B;
			minimizedProjectReferenceProxies = 1;
			packageReferences = (
				725202142CE8C24B0049E82B /* XCRemoteSwiftPackageReference "firebase-ios-sdk" */,
			);
			preferredProjectObjectVersion = 77;
			productRefGroup = 725201E62CE8C1F50049E82B /* Products */;
			projectDirPath = "";
			projectRoot = "";
			targets = (
				725201E42CE8C1F50049E82B /* FocusFlow */,
				725201F42CE8C1F60049E82B /* FocusFlowTests */,
				725201FE2CE8C1F60049E82B /* FocusFlowUITests */,
			);
		};
/* End PBXProject section */

/* Begin PBXResourcesBuildPhase section */
		725201E32CE8C1F50049E82B /* Resources */ = {
			isa = PBXResourcesBuildPhase;
			buildActionMask = 2147483647;
			files = (
			);
			runOnlyForDeploymentPostprocessing = 0;
		};
		725201F32CE8C1F60049E82B /* Resources */ = {
			isa = PBXResourcesBuildPhase;
			buildActionMask = 2147483647;
			files = (
			);
			runOnlyForDeploymentPostprocessing = 0;
		};
		725201FD2CE8C1F60049E82B /* Resources */ = {
			isa = PBXResourcesBuildPhase;
			buildActionMask = 2147483647;
			files = (
			);
			runOnlyForDeploymentPostprocessing = 0;
		};
/* End PBXResourcesBuildPhase section */

/* Begin PBXSourcesBuildPhase section */
		725201E12CE8C1F50049E82B /* Sources */ = {
			isa = PBXSourcesBuildPhase;
			buildActionMask = 2147483647;
			files = (
			);
			runOnlyForDeploymentPostprocessing = 0;
		};
		725201F12CE8C1F60049E82B /* Sources */ = {
			isa = PBXSourcesBuildPhase;
			buildActionMask = 2147483647;
			files = (
			);
			runOnlyForDeploymentPostprocessing = 0;
		};
		725201FB2CE8C1F60049E82B /* Sources */ = {
			isa = PBXSourcesBuildPhase;
			buildActionMask = 2147483647;
			files = (
			);
			runOnlyForDeploymentPostprocessing = 0;
		};
/* End PBXSourcesBuildPhase section */

/* Begin PBXTargetDependency section */
		725201F72CE8C1F60049E82B /* PBXTargetDependency */ = {
			isa = PBXTargetDependency;
			target = 725201E42CE8C1F50049E82B /* FocusFlow */;
			targetProxy = 725201F62CE8C1F60049E82B /* PBXContainerItemProxy */;
		};
		725202012CE8C1F60049E82B /* PBXTargetDependency */ = {
			isa = PBXTargetDependency;
			target = 725201E42CE8C1F50049E82B /* FocusFlow */;
			targetProxy = 725202002CE8C1F60049E82B /* PBXContainerItemProxy */;
		};
/* End PBXTargetDependency section */

/* Begin XCBuildConfiguration section */
		725202072CE8C1F60049E82B /* Debug */ = {
			isa = XCBuildConfiguration;
			buildSettings = {
				ALWAYS_SEARCH_USER_PATHS = NO;
				ASSETCATALOG_COMPILER_GENERATE_SWIFT_ASSET_SYMBOL_EXTENSIONS = YES;
				CLANG_ANALYZER_NONNULL = YES;
				CLANG_ANALYZER_NUMBER_OBJECT_CONVERSION = YES_AGGRESSIVE;
				CLANG_CXX_LANGUAGE_STANDARD = "gnu++20";
				CLANG_ENABLE_MODULES = YES;
				CLANG_ENABLE_OBJC_ARC = YES;
				CLANG_ENABLE_OBJC_WEAK = YES;
				CLANG_WARN_BLOCK_CAPTURE_AUTORELEASING = YES;
				CLANG_WARN_BOOL_CONVERSION = YES;
				CLANG_WARN_COMMA = YES;
				CLANG_WARN_CONSTANT_CONVERSION = YES;
				CLANG_WARN_DEPRECATED_OBJC_IMPLEMENTATIONS = YES;
				CLANG_WARN_DIRECT_OBJC_ISA_USAGE = YES_ERROR;
				CLANG_WARN_DOCUMENTATION_COMMENTS = YES;
				CLANG_WARN_EMPTY_BODY = YES;
				CLANG_WARN_ENUM_CONVERSION = YES;
				CLANG_WARN_INFINITE_RECURSION = YES;
				CLANG_WARN_INT_CONVERSION = YES;
				CLANG_WARN_NON_LITERAL_NULL_CONVERSION = YES;
				CLANG_WARN_OBJC_IMPLICIT_RETAIN_SELF = YES;
				CLANG_WARN_OBJC_LITERAL_CONVERSION = YES;
				CLANG_WARN_OBJC_ROOT_CLASS = YES_ERROR;
				CLANG_WARN_QUOTED_INCLUDE_IN_FRAMEWORK_HEADER = YES;
				CLANG_WARN_RANGE_LOOP_ANALYSIS = YES;
				CLANG_WARN_STRICT_PROTOTYPES = YES;
				CLANG_WARN_SUSPICIOUS_MOVE = YES;
				CLANG_WARN_UNGUARDED_AVAILABILITY = YES_AGGRESSIVE;
				CLANG_WARN_UNREACHABLE_CODE = YES;
				CLANG_WARN__DUPLICATE_METHOD_MATCH = YES;
				COPY_PHASE_STRIP = NO;
				DEBUG_INFORMATION_FORMAT = dwarf;
				ENABLE_STRICT_OBJC_MSGSEND = YES;
				ENABLE_TESTABILITY = YES;
				ENABLE_USER_SCRIPT_SANDBOXING = YES;
				GCC_C_LANGUAGE_STANDARD = gnu17;
				GCC_DYNAMIC_NO_PIC = NO;
				GCC_NO_COMMON_BLOCKS = YES;
				GCC_OPTIMIZATION_LEVEL = 0;
				GCC_PREPROCESSOR_DEFINITIONS = (
					"DEBUG=1",
					"$(inherited)",
				);
				GCC_WARN_64_TO_32_BIT_CONVERSION = YES;
				GCC_WARN_ABOUT_RETURN_TYPE = YES_ERROR;
				GCC_WARN_UNDECLARED_SELECTOR = YES;
				GCC_WARN_UNINITIALIZED_AUTOS = YES_AGGRESSIVE;
				GCC_WARN_UNUSED_FUNCTION = YES;
				GCC_WARN_UNUSED_VARIABLE = YES;
				IPHONEOS_DEPLOYMENT_TARGET = 18.0;
				LOCALIZATION_PREFERS_STRING_CATALOGS = YES;
				MTL_ENABLE_DEBUG_INFO = INCLUDE_SOURCE;
				MTL_FAST_MATH = YES;
				ONLY_ACTIVE_ARCH = YES;
				SDKROOT = iphoneos;
				SWIFT_ACTIVE_COMPILATION_CONDITIONS = "DEBUG $(inherited)";
				SWIFT_OPTIMIZATION_LEVEL = "-Onone";
			};
			name = Debug;
		};
		725202082CE8C1F60049E82B /* Release */ = {
			isa = XCBuildConfiguration;
			buildSettings = {
				ALWAYS_SEARCH_USER_PATHS = NO;
				ASSETCATALOG_COMPILER_GENERATE_SWIFT_ASSET_SYMBOL_EXTENSIONS = YES;
				CLANG_ANALYZER_NONNULL = YES;
				CLANG_ANALYZER_NUMBER_OBJECT_CONVERSION = YES_AGGRESSIVE;
				CLANG_CXX_LANGUAGE_STANDARD = "gnu++20";
				CLANG_ENABLE_MODULES = YES;
				CLANG_ENABLE_OBJC_ARC = YES;
				CLANG_ENABLE_OBJC_WEAK = YES;
				CLANG_WARN_BLOCK_CAPTURE_AUTORELEASING = YES;
				CLANG_WARN_BOOL_CONVERSION = YES;
				CLANG_WARN_COMMA = YES;
				CLANG_WARN_CONSTANT_CONVERSION = YES;
				CLANG_WARN_DEPRECATED_OBJC_IMPLEMENTATIONS = YES;
				CLANG_WARN_DIRECT_OBJC_ISA_USAGE = YES_ERROR;
				CLANG_WARN_DOCUMENTATION_COMMENTS = YES;
				CLANG_WARN_EMPTY_BODY = YES;
				CLANG_WARN_ENUM_CONVERSION = YES;
				CLANG_WARN_INFINITE_RECURSION = YES;
				CLANG_WARN_INT_CONVERSION = YES;
				CLANG_WARN_NON_LITERAL_NULL_CONVERSION = YES;
				CLANG_WARN_OBJC_IMPLICIT_RETAIN_SELF = YES;
				CLANG_WARN_OBJC_LITERAL_CONVERSION = YES;
				CLANG_WARN_OBJC_ROOT_CLASS = YES_ERROR;
				CLANG_WARN_QUOTED_INCLUDE_IN_FRAMEWORK_HEADER = YES;
				CLANG_WARN_RANGE_LOOP_ANALYSIS = YES;
				CLANG_WARN_STRICT_PROTOTYPES = YES;
				CLANG_WARN_SUSPICIOUS_MOVE = YES;
				CLANG_WARN_UNGUARDED_AVAILABILITY = YES_AGGRESSIVE;
				CLANG_WARN_UNREACHABLE_CODE = YES;
				CLANG_WARN__DUPLICATE_METHOD_MATCH = YES;
				COPY_PHASE_STRIP = NO;
				DEBUG_INFORMATION_FORMAT = "dwarf-with-dsym";
				ENABLE_NS_ASSERTIONS = NO;
				ENABLE_STRICT_OBJC_MSGSEND = YES;
				ENABLE_USER_SCRIPT_SANDBOXING = YES;
				GCC_C_LANGUAGE_STANDARD = gnu17;
				GCC_NO_COMMON_BLOCKS = YES;
				GCC_WARN_64_TO_32_BIT_CONVERSION = YES;
				GCC_WARN_ABOUT_RETURN_TYPE = YES_ERROR;
				GCC_WARN_UNDECLARED_SELECTOR = YES;
				GCC_WARN_UNINITIALIZED_AUTOS = YES_AGGRESSIVE;
				GCC_WARN_UNUSED_FUNCTION = YES;
				GCC_WARN_UNUSED_VARIABLE = YES;
				IPHONEOS_DEPLOYMENT_TARGET = 18.0;
				LOCALIZATION_PREFERS_STRING_CATALOGS = YES;
				MTL_ENABLE_DEBUG_INFO = NO;
				MTL_FAST_MATH = YES;
				SDKROOT = iphoneos;
				SWIFT_COMPILATION_MODE = wholemodule;
				VALIDATE_PRODUCT = YES;
			};
			name = Release;
		};
		7252020A2CE8C1F60049E82B /* Debug */ = {
			isa = XCBuildConfiguration;
			buildSettings = {
				ASSETCATALOG_COMPILER_APPICON_NAME = AppIcon;
				ASSETCATALOG_COMPILER_GLOBAL_ACCENT_COLOR_NAME = AccentColor;
				CODE_SIGN_STYLE = Automatic;
				CURRENT_PROJECT_VERSION = 1;
				DEVELOPMENT_ASSET_PATHS = "\"FocusFlow/Preview Content\"";
				DEVELOPMENT_TEAM = YB97M6V3MQ;
				ENABLE_PREVIEWS = YES;
				GENERATE_INFOPLIST_FILE = YES;
				INFOPLIST_KEY_UIApplicationSceneManifest_Generation = YES;
				INFOPLIST_KEY_UIApplicationSupportsIndirectInputEvents = YES;
				INFOPLIST_KEY_UILaunchScreen_Generation = YES;
				INFOPLIST_KEY_UISupportedInterfaceOrientations = UIInterfaceOrientationPortrait;
				LD_RUNPATH_SEARCH_PATHS = (
					"$(inherited)",
					"@executable_path/Frameworks",
				);
				MARKETING_VERSION = 1.0;
				PRODUCT_BUNDLE_IDENTIFIER = com.example.FocusFlow;
				PRODUCT_NAME = "$(TARGET_NAME)";
				SWIFT_EMIT_LOC_STRINGS = YES;
				SWIFT_VERSION = 5.0;
				TARGETED_DEVICE_FAMILY = "1,2";
			};
			name = Debug;
		};
		7252020B2CE8C1F60049E82B /* Release */ = {
			isa = XCBuildConfiguration;
			buildSettings = {
				ASSETCATALOG_COMPILER_APPICON_NAME = AppIcon;
				ASSETCATALOG_COMPILER_GLOBAL_ACCENT_COLOR_NAME = AccentColor;
				CODE_SIGN_STYLE = Automatic;
				CURRENT_PROJECT_VERSION = 1;
				DEVELOPMENT_ASSET_PATHS = "\"FocusFlow/Preview Content\"";
				DEVELOPMENT_TEAM = YB97M6V3MQ;
				ENABLE_PREVIEWS = YES;
				GENERATE_INFOPLIST_FILE = YES;
				INFOPLIST_KEY_UIApplicationSceneManifest_Generation = YES;
				INFOPLIST_KEY_UIApplicationSupportsIndirectInputEvents = YES;
				INFOPLIST_KEY_UILaunchScreen_Generation = YES;
				INFOPLIST_KEY_UISupportedInterfaceOrientations = UIInterfaceOrientationPortrait;
				LD_RUNPATH_SEARCH_PATHS = (
					"$(inherited)",
					"@executable_path/Frameworks",
				);
				MARKETING_VERSION = 1.0;
				PRODUCT_BUNDLE_IDENTIFIER = com.example.FocusFlow;
				PRODUCT_NAME = "$(TARGET_NAME)";
				SWIFT_EMIT_LOC_STRINGS = YES;
				SWIFT_VERSION = 5.0;
				TARGETED_DEVICE_FAMILY = "1,2";
			};
			name = Release;
		};
		7252020D2CE8C1F60049E82B /* Debug */ = {
			isa = XCBuildConfiguration;
			buildSettings = {
				BUNDLE_LOADER = "$(TEST_HOST)";
				CODE_SIGN_STYLE = Automatic;
				CURRENT_PROJECT_VERSION = 1;
				DEVELOPMENT_TEAM = YB97M6V3MQ;
				GENERATE_INFOPLIST_FILE = YES;
				IPHONEOS_DEPLOYMENT_TARGET = 18.0;
				MARKETING_VERSION = 1.0;
				PRODUCT_BUNDLE_IDENTIFIER = com.example.FocusFlowTests;
				PRODUCT_NAME = "$(TARGET_NAME)";
				SWIFT_EMIT_LOC_STRINGS = NO;
				SWIFT_VERSION = 5.0;
				TARGETED_DEVICE_FAMILY = "1,2";
				TEST_HOST = "$(BUILT_PRODUCTS_DIR)/FocusFlow.app/$(BUNDLE_EXECUTABLE_FOLDER_PATH)/FocusFlow";
			};
			name = Debug;
		};
		7252020E2CE8C1F60049E82B /* Release */ = {
			isa = XCBuildConfiguration;
			buildSettings = {
				BUNDLE_LOADER = "$(TEST_HOST)";
				CODE_SIGN_STYLE = Automatic;
				CURRENT_PROJECT_VERSION = 1;
				DEVELOPMENT_TEAM = YB97M6V3MQ;
				GENERATE_INFOPLIST_FILE = YES;
				IPHONEOS_DEPLOYMENT_TARGET = 18.0;
				MARKETING_VERSION = 1.0;
				PRODUCT_BUNDLE_IDENTIFIER = com.example.FocusFlowTests;
				PRODUCT_NAME = "$(TARGET_NAME)";
				SWIFT_EMIT_LOC_STRINGS = NO;
				SWIFT_VERSION = 5.0;
				TARGETED_DEVICE_FAMILY = "1,2";
				TEST_HOST = "$(BUILT_PRODUCTS_DIR)/FocusFlow.app/$(BUNDLE_EXECUTABLE_FOLDER_PATH)/FocusFlow";
			};
			name = Release;
		};
		725202102CE8C1F60049E82B /* Debug */ = {
			isa = XCBuildConfiguration;
			buildSettings = {
				CODE_SIGN_STYLE = Automatic;
				CURRENT_PROJECT_VERSION = 1;
				DEVELOPMENT_TEAM = YB97M6V3MQ;
				GENERATE_INFOPLIST_FILE = YES;
				MARKETING_VERSION = 1.0;
				PRODUCT_BUNDLE_IDENTIFIER = com.example.FocusFlowUITests;
				PRODUCT_NAME = "$(TARGET_NAME)";
				SWIFT_EMIT_LOC_STRINGS = NO;
				SWIFT_VERSION = 5.0;
				TARGETED_DEVICE_FAMILY = "1,2";
				TEST_TARGET_NAME = FocusFlow;
			};
			name = Debug;
		};
		725202112CE8C1F60049E82B /* Release */ = {
			isa = XCBuildConfiguration;
			buildSettings = {
				CODE_SIGN_STYLE = Automatic;
				CURRENT_PROJECT_VERSION = 1;
				DEVELOPMENT_TEAM = YB97M6V3MQ;
				GENERATE_INFOPLIST_FILE = YES;
				MARKETING_VERSION = 1.0;
				PRODUCT_BUNDLE_IDENTIFIER = com.example.FocusFlowUITests;
				PRODUCT_NAME = "$(TARGET_NAME)";
				SWIFT_EMIT_LOC_STRINGS = NO;
				SWIFT_VERSION = 5.0;
				TARGETED_DEVICE_FAMILY = "1,2";
				TEST_TARGET_NAME = FocusFlow;
			};
			name = Release;
		};
/* End XCBuildConfiguration section */

/* Begin XCConfigurationList section */
		725201E02CE8C1F50049E82B /* Build configuration list for PBXProject "FocusFlow" */ = {
			isa = XCConfigurationList;
			buildConfigurations = (
				725202072CE8C1F60049E82B /* Debug */,
				725202082CE8C1F60049E82B /* Release */,
			);
			defaultConfigurationIsVisible = 0;
			defaultConfigurationName = Release;
		};
		725202092CE8C1F60049E82B /* Build configuration list for PBXNativeTarget "FocusFlow" */ = {
			isa = XCConfigurationList;
			buildConfigurations = (
				7252020A2CE8C1F60049E82B /* Debug */,
				7252020B2CE8C1F60049E82B /* Release */,
			);
			defaultConfigurationIsVisible = 0;
			defaultConfigurationName = Release;
		};
		7252020C2CE8C1F60049E82B /* Build configuration list for PBXNativeTarget "FocusFlowTests" */ = {
			isa = XCConfigurationList;
			buildConfigurations = (
				7252020D2CE8C1F60049E82B /* Debug */,
				7252020E2CE8C1F60049E82B /* Release */,
			);
			defaultConfigurationIsVisible = 0;
			defaultConfigurationName = Release;
		};
		7252020F2CE8C1F60049E82B /* Build configuration list for PBXNativeTarget "FocusFlowUITests" */ = {
			isa = XCConfigurationList;
			buildConfigurations = (
				725202102CE8C1F60049E82B /* Debug */,
				725202112CE8C1F60049E82B /* Release */,
			);
			defaultConfigurationIsVisible = 0;
			defaultConfigurationName = Release;
		};
/* End XCConfigurationList section */

/* Begin XCRemoteSwiftPackageReference section */
		725202142CE8C24B0049E82B /* XCRemoteSwiftPackageReference "firebase-ios-sdk" */ = {
			isa = XCRemoteSwiftPackageReference;
			repositoryURL = "https://github.com/firebase/firebase-ios-sdk";
			requirement = {
				kind = upToNextMajorVersion;
				minimumVersion = 11.5.0;
			};
		};
/* End XCRemoteSwiftPackageReference section */

/* Begin XCSwiftPackageProductDependency section */
		725202152CE8C24B0049E82B /* FirebaseAuth */ = {
			isa = XCSwiftPackageProductDependency;
			package = 725202142CE8C24B0049E82B /* XCRemoteSwiftPackageReference "firebase-ios-sdk" */;
			productName = FirebaseAuth;
		};
		725202172CE8C24B0049E82B /* FirebaseDatabase */ = {
			isa = XCSwiftPackageProductDependency;
			package = 725202142CE8C24B0049E82B /* XCRemoteSwiftPackageReference "firebase-ios-sdk" */;
			productName = FirebaseDatabase;
		};
		725202192CE8C24B0049E82B /* FirebaseFirestore */ = {
			isa = XCSwiftPackageProductDependency;
			package = 725202142CE8C24B0049E82B /* XCRemoteSwiftPackageReference "firebase-ios-sdk" */;
			productName = FirebaseFirestore;
		};
		7252021B2CE8C24B0049E82B /* FirebaseFirestoreCombine-Community */ = {
			isa = XCSwiftPackageProductDependency;
			package = 725202142CE8C24B0049E82B /* XCRemoteSwiftPackageReference "firebase-ios-sdk" */;
			productName = "FirebaseFirestoreCombine-Community";
		};
/* End XCSwiftPackageProductDependency section */
	};
	rootObject = 725201DD2CE8C1F50049E82B /* Project object */;
}
